
Microsoft Visual Studio Solution File, Format Version 12.00
# Visual Studio Version 17
VisualStudioVersion = 17.3.32811.315
MinimumVisualStudioVersion = 10.0.40219.1
Project("{9A19103F-16F7-4668-BE54-9A1E7A4F7556}") = "Vista", "Vista\Vista.csproj", "{C00ADB62-1F6C-4471-A096-B293E4CA8EA0}"
EndProject
Project("{9A19103F-16F7-4668-BE54-9A1E7A4F7556}") = "Biblioteca", "Biblioteca\Biblioteca.csproj", "{B3050A12-F649-4C43-A5D1-02889F1A0670}"
EndProject
Project("{FAE04EC0-301F-11D3-BF4B-00C04F79EFBC}") = "EjercicioI02", "EjercicioI02\EjercicioI02.csproj", "{C9F2848C-ED9D-4A66-A502-D253381D861C}"
EndProject
Global
	GlobalSection(SolutionConfigurationPlatforms) = preSolution
		Debug|Any CPU = Debug|Any CPU
		Release|Any CPU = Release|Any CPU
	EndGlobalSection
	GlobalSection(ProjectConfigurationPlatforms) = postSolution
		{C00ADB62-1F6C-4471-A096-B293E4CA8EA0}.Debug|Any CPU.ActiveCfg = Debug|Any CPU
		{C00ADB62-1F6C-4471-A096-B293E4CA8EA0}.Debug|Any CPU.Build.0 = Debug|Any CPU
		{C00ADB62-1F6C-4471-A096-B293E4CA8EA0}.Release|Any CPU.ActiveCfg = Release|Any CPU
		{C00ADB62-1F6C-4471-A096-B293E4CA8EA0}.Release|Any CPU.Build.0 = Release|Any CPU
		{B3050A12-F649-4C43-A5D1-02889F1A0670}.Debug|Any CPU.ActiveCfg = Debug|Any CPU
		{B3050A12-F649-4C43-A5D1-02889F1A0670}.Debug|Any CPU.Build.0 = Debug|Any CPU
		{B3050A12-F649-4C43-A5D1-02889F1A0670}.Release|Any CPU.ActiveCfg = Release|Any CPU
		{B3050A12-F649-4C43-A5D1-02889F1A0670}.Release|Any CPU.Build.0 = Release|Any CPU
		{C9F2848C-ED9D-4A66-A502-D253381D861C}.Debug|Any CPU.ActiveCfg = Debug|Any CPU
		{C9F2848C-ED9D-4A66-A502-D253381D861C}.Debug|Any CPU.Build.0 = Debug|Any CPU
		{C9F2848C-ED9D-4A66-A502-D253381D861C}.Release|Any CPU.ActiveCfg = Release|Any CPU
		{C9F2848C-ED9D-4A66-A502-D253381D861C}.Release|Any CPU.Build.0 = Release|Any CPU
	EndGlobalSection
	GlobalSection(SolutionProperties) = preSolution
		HideSolutionNode = FALSE
	EndGlobalSection
	GlobalSection(ExtensibilityGlobals) = postSolution
		SolutionGuid = {18D08AA7-A2BD-48DA-89E8-7FD0257C638D}
	EndGlobalSection
EndGlobal
